
Microsoft Visual Studio Solution File, Format Version 12.00
# Visual Studio Version 16
VisualStudioVersion = 16.0.31729.503
MinimumVisualStudioVersion = 10.0.40219.1
Project("{FAE04EC0-301F-11D3-BF4B-00C04F79EFBC}") = "CrearArchivoXML", "CrearArchivoXML\CrearArchivoXML.csproj", "{D05E77C5-E510-4085-928C-2C63BF7A0896}"
EndProject
Global
	GlobalSection(SolutionConfigurationPlatforms) = preSolution
		Debug|Any CPU = Debug|Any CPU
		Release|Any CPU = Release|Any CPU
	EndGlobalSection
	GlobalSection(ProjectConfigurationPlatforms) = postSolution
		{D05E77C5-E510-4085-928C-2C63BF7A0896}.Debug|Any CPU.ActiveCfg = Debug|Any CPU
		{D05E77C5-E510-4085-928C-2C63BF7A0896}.Debug|Any CPU.Build.0 = Debug|Any CPU
		{D05E77C5-E510-4085-928C-2C63BF7A0896}.Release|Any CPU.ActiveCfg = Release|Any CPU
		{D05E77C5-E510-4085-928C-2C63BF7A0896}.Release|Any CPU.Build.0 = Release|Any CPU
	EndGlobalSection
	GlobalSection(SolutionProperties) = preSolution
		HideSolutionNode = FALSE
	EndGlobalSection
	GlobalSection(ExtensibilityGlobals) = postSolution
		SolutionGuid = {CE40C3EA-9DBD-4821-8833-2417A9BA1B8D}
	EndGlobalSection
EndGlobal
